# THIS IS AN AUTOGENERATED FILE. DO NOT EDIT THIS FILE DIRECTLY.
# yarn lockfile v1


"@ampproject/remapping@^2.1.0":
  version "2.2.0"
  resolved "https://registry.yarnpkg.com/@ampproject/remapping/-/remapping-2.2.0.tgz#56c133824780de3174aed5ab6834f3026790154d"
  integrity sha512-qRmjj8nj9qmLTQXXmaR1cck3UXSRMPrbsLJAasZpF+t3riI71BXed5ebIOYwQntykeZuhjsdweEc9BxH5Jc26w==
  dependencies:
    "@jridgewell/gen-mapping" "^0.1.0"
    "@jridgewell/trace-mapping" "^0.3.9"

"@apideck/better-ajv-errors@^0.3.1":
  version "0.3.6"
  resolved "https://registry.yarnpkg.com/@apideck/better-ajv-errors/-/better-ajv-errors-0.3.6.tgz#957d4c28e886a64a8141f7522783be65733ff097"
  integrity sha512-P+ZygBLZtkp0qqOAJJVX4oX/sFo5JR3eBWwwuqHHhK0GIgQOKWrAfiAaWX0aArHkRWHMuggFEgAZNxVPwPZYaA==
  dependencies:
    json-schema "^0.4.0"
    jsonpointer "^5.0.0"
    leven "^3.1.0"

"@babel/code-frame@^7.0.0", "@babel/code-frame@^7.10.4", "@babel/code-frame@^7.12.13", "@babel/code-frame@^7.16.0", "@babel/code-frame@^7.18.6", "@babel/code-frame@^7.8.3":
  version "7.18.6"
  resolved "https://registry.yarnpkg.com/@babel/code-frame/-/code-frame-7.18.6.tgz#3b25d38c89600baa2dcc219edfa88a74eb2c427a"
  integrity sha512-TDCmlK5eOvH+eH7cdAFlNXeVJqWIQ7gW9tY1GJIpUtFb6CmjVyq2VM3u71bOyR8CRihcCgMUYoDNyLXao3+70Q==
  dependencies:
    "@babel/highlight" "^7.18.6"

"@babel/compat-data@^7.13.11", "@babel/compat-data@^7.18.6":
  version "7.18.8"
  resolved "https://registry.yarnpkg.com/@babel/compat-data/-/compat-data-7.18.8.tgz#2483f565faca607b8535590e84e7de323f27764d"
  integrity sha512-HSmX4WZPPK3FUxYp7g2T6EyO8j96HlZJlxmKPSh6KAcqwyDrfx7hKjXpAW/0FhFfTJsR0Yt4lAjLI2coMptIHQ==

"@babel/core@^7.1.0", "@babel/core@^7.11.1", "@babel/core@^7.12.3", "@babel/core@^7.16.0", "@babel/core@^7.7.2", "@babel/core@^7.8.0":
  version "7.18.6"
  resolved "https://registry.yarnpkg.com/@babel/core/-/core-7.18.6.tgz#54a107a3c298aee3fe5e1947a6464b9b6faca03d"
  integrity sha512-cQbWBpxcbbs/IUredIPkHiAGULLV8iwgNRMFzvbhEXISp4f3rUUXE5+TIw6KwUWUR3DwyI6gmBRnmAtYaWehwQ==
  dependencies:
    "@ampproject/remapping" "^2.1.0"
    "@babel/code-frame" "^7.18.6"
    "@babel/generator" "^7.18.6"
    "@babel/helper-compilation-targets" "^7.18.6"
    "@babel/helper-module-transforms" "^7.18.6"
    "@babel/helpers" "^7.18.6"
    "@babel/parser" "^7.18.6"
    "@babel/template" "^7.18.6"
    "@babel/traverse" "^7.18.6"
    "@babel/types" "^7.18.6"
    convert-source-map "^1.7.0"
    debug "^4.1.0"
    gensync "^1.0.0-beta.2"
    json5 "^2.2.1"
    semver "^6.3.0"

"@babel/eslint-parser@^7.16.3":
  version "7.18.2"
  resolved "https://registry.yarnpkg.com/@babel/eslint-parser/-/eslint-parser-7.18.2.tgz#e14dee36c010edfb0153cf900c2b0815e82e3245"
  integrity sha512-oFQYkE8SuH14+uR51JVAmdqwKYXGRjEXx7s+WiagVjqQ+HPE+nnwyF2qlVG8evUsUHmPcA+6YXMEDbIhEyQc5A==
  dependencies:
    eslint-scope "^5.1.1"
    eslint-visitor-keys "^2.1.0"
    semver "^6.3.0"

"@babel/generator@^7.18.6", "@babel/generator@^7.18.7", "@babel/generator@^7.7.2":
  version "7.18.7"
  resolved "https://registry.yarnpkg.com/@babel/generator/-/generator-7.18.7.tgz#2aa78da3c05aadfc82dbac16c99552fc802284bd"
  integrity sha512-shck+7VLlY72a2w9c3zYWuE1pwOKEiQHV7GTUbSnhyl5eu3i04t30tBY82ZRWrDfo3gkakCFtevExnxbkf2a3A==
  dependencies:
    "@babel/types" "^7.18.7"
    "@jridgewell/gen-mapping" "^0.3.2"
    jsesc "^2.5.1"

"@babel/helper-annotate-as-pure@^7.18.6":
  version "7.18.6"
  resolved "https://registry.yarnpkg.com/@babel/helper-annotate-as-pure/-/helper-annotate-as-pure-7.18.6.tgz#eaa49f6f80d5a33f9a5dd2276e6d6e451be0a6bb"
  integrity sha512-duORpUiYrEpzKIop6iNbjnwKLAKnJ47csTyRACyEmWj0QdUrm5aqNJGHSSEQSUAvNW0ojX0dOmK9dZduvkfeXA==
  dependencies:
    "@babel/types" "^7.18.6"

"@babel/helper-builder-binary-assignment-operator-visitor@^7.18.6":
  version "7.18.6"
  resolved "https://registry.yarnpkg.com/@babel/helper-builder-binary-assignment-operator-visitor/-/helper-builder-binary-assignment-operator-visitor-7.18.6.tgz#f14d640ed1ee9246fb33b8255f08353acfe70e6a"
  integrity sha512-KT10c1oWEpmrIRYnthbzHgoOf6B+Xd6a5yhdbNtdhtG7aO1or5HViuf1TQR36xY/QprXA5nvxO6nAjhJ4y38jw==
  dependencies:
    "@babel/helper-explode-assignable-expression" "^7.18.6"
    "@babel/types" "^7.18.6"

"@babel/helper-compilation-targets@^7.13.0", "@babel/helper-compilation-targets@^7.18.6":
  version "7.18.6"
  resolved "https://registry.yarnpkg.com/@babel/helper-compilation-targets/-/helper-compilation-targets-7.18.6.tgz#18d35bfb9f83b1293c22c55b3d576c1315b6ed96"
  integrity sha512-vFjbfhNCzqdeAtZflUFrG5YIFqGTqsctrtkZ1D/NB0mDW9TwW3GmmUepYY4G9wCET5rY5ugz4OGTcLd614IzQg==
  dependencies:
    "@babel/compat-data" "^7.18.6"
    "@babel/helper-validator-option" "^7.18.6"
    browserslist "^4.20.2"
    semver "^6.3.0"

"@babel/helper-create-class-features-plugin@^7.18.6":
  version "7.18.6"
  resolved "https://registry.yarnpkg.com/@babel/helper-create-class-features-plugin/-/helper-create-class-features-plugin-7.18.6.tgz#6f15f8459f3b523b39e00a99982e2c040871ed72"
  integrity sha512-YfDzdnoxHGV8CzqHGyCbFvXg5QESPFkXlHtvdCkesLjjVMT2Adxe4FGUR5ChIb3DxSaXO12iIOCWoXdsUVwnqw==
  dependencies:
    "@babel/helper-annotate-as-pure" "^7.18.6"
    "@babel/helper-environment-visitor" "^7.18.6"
    "@babel/helper-function-name" "^7.18.6"
    "@babel/helper-member-expression-to-functions" "^7.18.6"
    "@babel/helper-optimise-call-expression" "^7.18.6"
    "@babel/helper-replace-supers" "^7.18.6"
    "@babel/helper-split-export-declaration" "^7.18.6"

"@babel/helper-create-regexp-features-plugin@^7.18.6":
  version "7.18.6"
  resolved "https://registry.yarnpkg.com/@babel/helper-create-regexp-features-plugin/-/helper-create-regexp-features-plugin-7.18.6.tgz#3e35f4e04acbbf25f1b3534a657610a000543d3c"
  integrity sha512-7LcpH1wnQLGrI+4v+nPp+zUvIkF9x0ddv1Hkdue10tg3gmRnLy97DXh4STiOf1qeIInyD69Qv5kKSZzKD8B/7A==
  dependencies:
    "@babel/helper-annotate-as-pure" "^7.18.6"
    regexpu-core "^5.1.0"

"@babel/helper-de