# THIS IS AN AUTOGENERATED FILE. DO NOT EDIT THIS FILE DIRECTLY.
# yarn lockfile v1


"@ampproject/remapping@^2.1.0":
  version "2.2.0"
  resolved "https://registry.yarnpkg.com/@ampproject/remapping/-/remapping-2.2.0.tgz#56c133824780de3174aed5ab6834f3026790154d"
  integrity sha512-qRmjj8nj9qmLTQXXmaR1cck3UXSRMPrbsLJAasZpF+t3riI71BXed5ebIOYwQntykeZuhjsdweEc9BxH5Jc26w==
  dependencies:
    "@jridgewell/gen-mapping" "^0.1.0"
    "@jridgewell/trace-mapping" "^0.3.9"

"@apideck/better-ajv-errors@^0.3.1":
  version "0.3.6"
  resolved "https://registry.yarnpkg.com/@apideck/better-ajv-errors/-/better-ajv-errors-0.3.6.tgz#957d4c28e886a64a8141f7522783be65733ff097"
  integrity sha512-P+ZygBLZtkp0qqOAJJVX4oX/sFo5JR3eBWwwuqHHhK0GIgQOKWrAfiAaWX0aArHkRWHMuggFEgAZNxVPwPZYaA==
  dependencies:
    json-schema "^0.4.0"
    jsonpointer "^5.0.0"
    leven "^3.1.0"

"@babel/code-frame@^7.0.0", "@babel/code-frame@^7.10.4", "@babel/code-frame@^7.12.13", "@babel/code-frame@^7.16.0", "@babel/code-frame@^7.18.6", "@babel/code-frame@^7.8.3":
  version "7.18.6"
  resolved "https://registry.yarnpkg.com/@babel/code-frame/-/code-frame-7.18.6.tgz#3b25d38c89600baa2dcc219edfa88a74eb2c427a"
  integrity sha512-TDCmlK5eOvH+eH7cdAFlNXeVJqWIQ7gW9tY1GJIpUtFb6CmjVyq2VM3u71bOyR8CRihcCgMUYoDNyLXao3+70Q==
  dependencies:
    "@babel/highlight" "^7.18.6"

"@babel/compat-data@^7.13.11", "@babel/compat-data@^7.18.6":
  version "7.18.8"
  resolved "https://registry.yarnpkg.com/@babel/compat-data/-/compat-data-7.18.8.tgz#2483f565faca607b8535590e84e7de323f27764d"
  integrity sha512-HSmX4WZPPK3FUxYp7g2T6EyO8j96HlZJlxmKPSh6KAcqwyDrfx7hKjXpAW/0FhFfTJsR0Yt4lAjLI2coMptIHQ==

"@babel/core@^7.1.0", "@babel/core@^7.11.1", "@babel/core@^7.12.3", "@babel/core@^7.16.0", "@babel/core@^7.7.2", "@babel/core@^7.8.0":
  version "7.18.6"
  resolved "https://registry.yarnpkg.com/@babel/core/-/core-7.18.6.tgz#54a107a3c298aee3fe5e1947a6464b9b6faca03d"
  integrity sha512-cQbWBpxcbbs/IUredIPkHiAGULLV8iwgNRMFzvbhEXISp4f3rUUXE5+TIw6KwUWUR3DwyI6gmBRnmAtYaWehwQ==
  dependencies:
    "@ampproject/remapping" "^2.1.0"
    "@babel/code-frame" "^7.18.6"
    "@babel/generator" "^7.18.6"
    "@babel/helper-compilation-targets" "^7.18.6"
    "@babel/helper-module-transforms" "^7.18.6"
    "@babel/helpers" "^7.18.6"
    "@babel/parser" "^7.18.6"
    "@babel/template" "^7.18.6"
    "@babel/traverse" "^7.18.6"
    "@babel/types" "^7.18.6"
    convert-source-map "^1.7.0"
    debug "^4.1.0"
    gensync "^1.0.0-beta.2"
    json5 "^2.2.1"
    semver "^6.3.0"

"@babel/eslint-parser@^7.16.3":
  version "7.18.2"
  resolved "https://registry.yarnpkg.com/@babel/eslint-parser/-/eslint-parser-7.18.2.tgz#e14dee36c010edfb0153cf900c2b0815e82e3245"
  integrity sha512-oFQYkE8SuH14+uR51JVAmdqwKYXGRjEXx7s+WiagVjqQ+HPE+nnwyF2qlVG8evUsUHmPcA+6YXMEDbIhEyQc5A==
  dependencies:
    eslint-scope "^5.1.1"
    eslint-visitor-keys "^2.1.0"
    semver "^6.3.0"

"@babel/generator@^7.18.6", "@babel/generator@^7.18.7", "@babel/generator@^7.7.2":
  version "7.18.7"
  resolved "https://registry.yarnpkg.com/@babel/generator/-/generator-7.18.7.tgz#2aa78da3c05aadfc82dbac16c99552fc802284bd"
  integrity sha512-shck+7VLlY72a2w9c3zYWuE1pwOKEiQHV7GTUbSnhyl5eu3i04t30tBY82ZRWrDfo3gkakCFtevExnxbkf2a3A==
  dependencies:
    "@babel/types" "^7.18.7"
    "@jridgewell/gen-mapping" "^0.3.2"
    jsesc "^2.5.1"

"@babel/helper-annotate-as-pure@^7.18.6":
  version "7.18.6"
  resolved "https://registry.yarnpkg.com/@babel/helper-annotate-as-pure/-/helper-annotate-as-pure-7.18.6.tgz#eaa49f6f80d5a33f9a5dd2276e6d6e451be0a6bb"
  integrity sha512-duORpUiYrEpzKIop6iNbjnwKLAKnJ47csTyRACyEmWj0QdUrm5aqNJGHSSEQSUAvNW0ojX0dOmK9dZduvkfeXA==
  dependencies:
    "@babel/types" "^7.18.6"

"@babel/helper-builder-binary-assignment-operator-visitor@^7.18.6":
  version "7.18.6"
  resolved "https://registry.yarnpkg.com/@babel/helper-builder-binary-assignment-operator-visitor/-/helper-builder-binary-assignment-operator-visitor-7.18.6.tgz#f14d640ed1ee9246fb33b8255f08353acfe70e6a"
  integrity sha512-KT10c1oWEpmrIRYnthbzHgoOf6B+Xd6a5yhdbNtdhtG7aO1or5HViuf1TQR36xY/QprXA5nvxO6nAjhJ4y38jw==
  dependencies:
    "@babel/helper-explode-assignable-expression" "^7.18.6"
    "@babel/types" "^7.18.6"

"@babel/helper-compilation-targets@^7.13.0", "@babel/helper-compilation-targets@^7.18.6":
  version "7.18.6"
  resolved "https://registry.yarnpkg.com/@babel/helper-compilation-targets/-/helper-compilation-targets-7.18.6.tgz#18d35bfb9f83b1293c22c55b3d576c1315b6ed96"
  integrity sha512-vFjbfhNCzqdeAtZflUFrG5YIFqGTqsctrtkZ1D/NB0mDW9TwW3GmmUepYY4G9wCET5rY5ugz4OGTcLd614IzQg==
  dependencies:
    "@babel/compat-data" "^7.18.6"
    "@babel/helper-validator-option" "^7.18.6"
    browserslist "^4.20.2"
    semver "^6.3.0"

"@babel/helper-create-class-features-plugin@^7.18.6":
  version "7.18.6"
  resolved "https://registry.yarnpkg.com/@babel/helper-create-class-features-plugin/-/helper-create-class-features-plugin-7.18.6.tgz#6f15f8459f3b523b39e00a99982e2c040871ed72"
  integrity sha512-YfDzdnoxHGV8CzqHGyCbFvXg5QESPFkXlHtvdCkesLjjVMT2Adxe4FGUR5ChIb3DxSaXO12iIOCWoXdsUVwnqw==
  dependencies:
    "@babel/helper-annotate-as-pure" "^7.18.6"
    "@babel/helper-environment-visitor" "^7.18.6"
    "@babel/helper-function-name" "^7.18.6"
    "@babel/helper-member-expression-to-functions" "^7.18.6"
    "@babel/helper-optimise-call-expression" "^7.18.6"
    "@babel/helper-replace-supers" "^7.18.6"
    "@babel/helper-split-export-declaration" "^7.18.6"

"@babel/helper-create-regexp-features-plugin@^7.18.6":
  version "7.18.6"
  resolved "https://registry.yarnpkg.com/@babel/helper-create-regexp-features-plugin/-/helper-create-regexp-features-plugin-7.18.6.tgz#3e35f4e04acbbf25f1b3534a657610a000543d3c"
  integrity sha512-7LcpH1wnQLGrI+4v+nPp+zUvIkF9x0ddv1Hkdue10tg3gmRnLy97DXh4STiOf1qeIInyD69Qv5kKSZzKD8B/7A==
  dependencies:
    "@babel/helper-annotate-as-pure" "^7.18.6"
    regexpu-core "^5.1.0"

"@babel/helper-define-polyfill-provider@^0.3.1":
  version "0.3.1"
  resolved "https://registry.yarnpkg.com/@babel/helper-define-polyfill-provider/-/helper-define-polyfill-provider-0.3.1.tgz#52411b445bdb2e676869e5a74960d2d3826d2665"
  integrity sha512-J9hGMpJQmtWmj46B3kBHmL38UhJGhYX7eqkcq+2gsstyYt341HmPeWspihX43yVRA0mS+8GGk2Gckc7bY/HCmA==
  dependencies:
    "@babel/helper-compilation-targets" "^7.13.0"
    "@babel/helper-module-imports" "^7.12.13"
    "@babel/helper-plugin-utils" "^7.13.0"
    "@babel/traverse" "^7.13.0"
    debug "^4.1.1"
    lodash.debounce "^4.0.8"
    resolve "^1.14.2"
    semver "^6.1.2"

"@babel/helper-environment-visitor@^7.18.6":
  version "7.18.6"
  resolved "https://registry.yarnpkg.com/@babel/helper-environment-visitor/-/helper-environment-visitor-7.18.6.tgz#b7eee2b5b9d70602e59d1a6cad7dd24de7ca6cd7"
  integrity sha512-8n6gSfn2baOY+qlp+VSzsosjCVGFqWKmDF0cCWOybh52Dw3SEyoWR1KrhMJASjLwIEkkAufZ0xvr+SxLHSpy2Q==

"@babel/helper-explode-assignable-expression@^7.18.6":
  version "7.18.6"
  resolved "https://registry.yarnpkg.com/@babel/helper-explode-assignable-expression/-/helper-explode-assignable-expression-7.18.6.tgz#41f8228ef0a6f1a036b8dfdfec7ce94f9a6bc096"
  integrity sha512-eyAYAsQmB80jNfg4baAtLeWAQHfHFiR483rzFK+BhETlGZaQC9bsfrugfXDCbRHLQbIA7U5NxhhOxN7p/dWIcg==
  dependencies:
    "@babel/types" "^7.18.6"

"@babel/helper-function-name@^7.18.6":
  version "7.18.6"
  resolved "https://registry.yarnpkg.com/@babel/helper-function-name/-/helper-function-name-7.18.6.tgz#8334fecb0afba66e6d87a7e8c6bb7fed79926b83"
  integrity sha512-0mWMxV1aC97dhjCah5U5Ua7668r5ZmSC2DLfH2EZnf9c3/dHZKiFa5pRLMH5tjSl471tY6496ZWk/kjNONBxhw==
  dependencies:
    "@babel/template" "^7.18.6"
    "@babel/types" "^7.18.6"

"@babel/helper-hoist-variables@^7.18.6":
  version "7.18.6"
  resolved "https://registry.yarnpkg.com/@babel/helper-hoist-variables/-/helper-hoist-variables-7.18.6.tgz#d4d2c8fb4baeaa5c68b99cc8245c56554f926678"
  integrity sha512-UlJQPkFqFULIcyW5sbzgbkxn2FKRgwWiRexcuaR8RNJRy8+LLveqPjwZV/bwrLZCN0eUHD/x8D0heK1ozuoo6Q==
  dependencies:
    "@babel/types" "^7.18.6"

"@babel/helper-member-expression-to-functions@^7.18.6":
  version "7.18.6"
  resolved "https://registry.yarnpkg.com/@babel/helper-member-expression-to-functions/-/helper-member-expression-to-functions-7.18.6.tgz#44802d7d602c285e1692db0bad9396d007be2afc"
  integrity sha512-CeHxqwwipekotzPDUuJOfIMtcIHBuc7WAzLmTYWctVigqS5RktNMQ5bEwQSuGewzYnCtTWa3BARXeiLxDTv+Ng==
  dependencies:
    "@babel/types" "^7.18.6"

"@babel/helper-module-imports@^7.10.4", "@babel/helper-module-imports@^7.12.13", "@babel/helper-module-imports@^7.18.6":
  version "7.18.6"
  resolved "https://registry.yarnpkg.com/@babel/helper-module-imports/-/helper-module-imports-7.18.6.tgz#1e3ebdbbd08aad1437b428c50204db13c5a3ca6e"
  integrity sha512-0NFvs3VkuSYbFi1x2Vd6tKrywq+z/cLeYC/RJNFrIX/30Bf5aiGYbtvGXolEktzJH8o5E5KJ3tT+nkxuuZFVlA==
  dependencies:
    "@babel/types" "^7.18.6"

"@babel/helper-module-transforms@^7.18.6":
  version "7.18.8"
  resolved "https://registry.yarnpkg.com/@babel/helper-module-transforms/-/helper-module-transforms-7.18.8.tgz#4f8408afead0188cfa48672f9d0e5787b61778c8"
  integrity sha512-che3jvZwIcZxrwh63VfnFTUzcAM9v/lznYkkRxIBGMPt1SudOKHAEec0SIRCfiuIzTcF7VGj/CaTT6gY4eWxvA==
  dependencies:
    "@babel/helper-environment-visitor" "^7.18.6"
    "@babel/helper-module-imports" "^7.18.6"
    "@babel/helper-simple-access" "^7.18.6"
    "@babel/helper-split-export-declaration" "^7.18.6"
    "@babel/helper-validator-identifier" "^7.18.6"
    "@babel/template" "^7.18.6"
    "@babel/traverse" "^7.18.8"
    "@babel/types" "^7.18.8"

"@babel/helper-optimise-call-expression@^7.18.6":
  version "7.18.6"
  resolved "https://registry.yarnpkg.com/@babel/helper-optimise-call-expression/-/helper-optimise-call-expression-7.18.6.tgz#9369aa943ee7da47edab2cb4e838acf09d290ffe"
  integrity sha512-HP59oD9/fEHQkdcbgFCnbmgH5vIQTJbxh2yf+CdM89/glUNnuzr87Q8GIjGEnOktTROemO0Pe0iPAYbqZuOUiA==
  dependencies:
    "@babel/types" "^7.18.6"

"@babel/helper-plugin-utils@^7.0.0", "@babel/helper-plugin-utils@^7.10.4", "@babel/helper-plugin-utils@^7.12.13", "@babel/helper-plugin-utils@^7.13.0", "@babel/helper-plugin-utils@^7.14.5", "@babel/helper-plugin-utils@^7.18.6", "@babel/helper-plugin-utils@^7.8.0", "@babel/helper-plugin-utils@^7.8.3":
  version "7.18.6"
  resolved "https://registry.yarnpkg.com/@babel/helper-plugin-utils/-/helper-plugin-utils-7.18.6.tgz#9448974dd4fb1d80fefe72e8a0af37809cd30d6d"
  integrity sha512-gvZnm1YAAxh13eJdkb9EWHBnF3eAub3XTLCZEehHT2kWxiKVRL64+ae5Y6Ivne0mVHmMYKT+xWgZO+gQhuLUBg==

"@babel/helper-remap-async-to-generator@^7.18.6":
  version "7.18.6"
  resolved "https://registry.yarnpkg.com/@babel/helper-remap-async-to-generator/-/helper-remap-async-to-generator-7.18.6.tgz#fa1f81acd19daee9d73de297c0308783cd3cfc23"
  integrity sha512-z5wbmV55TveUPZlCLZvxWHtrjuJd+8inFhk7DG0WW87/oJuGDcjDiu7HIvGcpf5464L6xKCg3vNkmlVVz9hwyQ==
  dependencies:
    "@babel/helper-annotate-as-pure" "^7.18.6"
    "@babel/helper-environment-visitor" "^7.18.6"
    "@babel/helper-wrap-function" "^7.18.6"
    "@babel/types" "^7.18.6"

"@babel/helper-replace-supers@^7.18.6":
  version "7.18.6"
  resolved "https://registry.yarnpkg.com/@babel/helper-replace-supers/-/helper-replace-supers-7.18.6.tgz#efedf51cfccea7b7b8c0f00002ab317e7abfe420"
  integrity sha512-fTf7zoXnUGl9gF25fXCWE26t7Tvtyn6H4hkLSYhATwJvw2uYxd3aoXplMSe0g9XbwK7bmxNes7+FGO0rB/xC0g==
  dependencies:
    "@babel/helper-environment-visitor" "^7.18.6"
    "@babel/helper-member-expression-to-functions" "^7.18.6"
    "@babel/helper-optimise-call-expression" "^7.18.6"
    "@babel/traverse" "^7.18.6"
    "@babel/types" "^7.18.6"

"@babel/helper-simple-access@^7.18.6":
  version "7.18.6"
  resolved "https://registry.yarnpkg.com/@babel/helper-simple-access/-/helper-simple-access-7.18.6.tgz#d6d8f51f4ac2978068df934b569f08f29788c7ea"
  integrity sha512-iNpIgTgyAvDQpDj76POqg+YEt8fPxx3yaNBg3S30dxNKm2SWfYhD0TGrK/Eu9wHpUW63VQU894TsTg+GLbUa1g==
  dependencies:
    "@babel/types" "^7.18.6"

"@babel/helper-skip-transparent-expression-wrappers@^7.18.6":
  version "7.18.6"
  resolved "https://registry.yarnpkg.com/@babel/helper-skip-transparent-expression-wrappers/-/helper-skip-transparent-expression-wrappers-7.18.6.tgz#7dff00a5320ca4cf63270e5a0eca4b268b7380d9"
  integrity sha512-4KoLhwGS9vGethZpAhYnMejWkX64wsnHPDwvOsKWU6Fg4+AlK2Jz3TyjQLMEPvz+1zemi/WBdkYxCD0bAfIkiw==
  dependencies:
    "@babel/types" "^7.18.6"

"@babel/helper-split-export-declaration@^7.18.6":
  version "7.18.6"
  resolved "https://registry.yarnpkg.com/@babel/helper-split-export-declaration/-/helper-split-export-declaration-7.18.6.tgz#7367949bc75b20c6d5a5d4a97bba2824ae8ef075"
  integrity sha512-bde1etTx6ZyTmobl9LLMMQsaizFVZrquTEHOqKeQESMKo4PlObf+8+JA25ZsIpZhT/WEd39+vOdLXAFG/nELpA==
  dependencies:
    "@babel/types" "^7.18.6"

"@babel/helper-validator-identifier@^7.18.6":
  version "7.18.6"
  resolved "https://registry.yarnpkg.com/@babel/helper-validator-identifier/-/helper-validator-identifier-7.18.6.tgz#9c97e30d31b2b8c72a1d08984f2ca9b574d7a076"
  integrity sha512-MmetCkz9ej86nJQV+sFCxoGGrUbU3q02kgLciwkrt9QqEB7cP39oKEY0PakknEO0Gu20SskMRi+AYZ3b1TpN9g==

"@babel/helper-validator-option@^7.18.6":
  version "7.18.6"
  resolved "https://registry.yarnpkg.com/@babel/helper-validator-option/-/helper-validator-option-7.18.6.tgz#bf0d2b5a509b1f336099e4ff36e1a63aa5db4db8"
  integrity sha512-XO7gESt5ouv/LRJdrVjkShckw6STTaB7l9BrpBaAHDeF5YZT+01PCwmR0SJHnkW6i8OwW/EVWRShfi4j2x+KQw==

"@babel/helper-wrap-function@^7.18.6":
  version "7.18.6"
  resolved "https://registry.yarnpkg.com/@babel/helper-wrap-function/-/helper-wrap-function-7.18.6.tgz#ec44ea4ad9d8988b90c3e465ba2382f4de81a073"
  integrity sha512-I5/LZfozwMNbwr/b1vhhuYD+J/mU+gfGAj5td7l5Rv9WYmH6i3Om69WGKNmlIpsVW/mF6O5bvTKbvDQZVgjqOw==
  dependencies:
    "@babel/helper-function-name" "^7.18.6"
    "@babel/template" "^7.18.6"
    "@babel/traverse" "^7.18.6"
    "@babel/types" "^7.18.6"

"@babel/helpers@^7.18.6":
  version "7.18.6"
  resolved "https://registry.yarnpkg.com/@babel/helpers/-/helpers-7.18.6.tgz#4c966140eaa1fcaa3d5a8c09d7db61077d4debfd"
  integrity sha512-vzSiiqbQOghPngUYt/zWGvK3LAsPhz55vc9XNN0xAl2gV4ieShI2OQli5duxWHD+72PZPTKAcfcZDE1Cwc5zsQ==
  dependencies:
    "@babel/template" "^7.18.6"
    "@babel/traverse" "^7.18.6"
    "@babel/types" "^7.18.6"

"@babel/highlight@^7.18.6":
  version "7.18.6"
  resolved "https://registry.yarnpkg.com/@babel/highlight/-/highlight-7.18.6.tgz#81158601e93e2563795adcbfbdf5d64be3f2ecdf"
  integrity sha512-u7stbOuYjaPezCuLj29hNW1v64M2Md2qupEKP1fHc7WdOA3DgLh37suiSrZYY7haUB7iBeQZ9P1uiRF359do3g==
  dependencies:
    "@babel/helper-validator-identifier" "^7.18.6"
    chalk "^2.0.0"
    js-tokens "^4.0.0"

"@babel/parser@^7.1.0", "@babel/parser@^7.14.7", "@babel/parser@^7.18.6", "@babel/parser@^7.18.8":
  version "7.18.8"
  resolved "https://registry.yarnpkg.com/@babel/parser/-/parser-7.18.8.tgz#822146080ac9c62dac0823bb3489622e0bc1cbdf"
  integrity sha512-RSKRfYX20dyH+elbJK2uqAkVyucL+xXzhqlMD5/ZXx+dAAwpyB7HsvnHe/ZUGOF+xLr5Wx9/JoXVTj6BQE2/oA==

"@babel/plugin-bugfix-safari-id-destructuring-collision-in-function-expression@^7.18.6":
  version "7.18.6"
  resolved "https://registry.yarnpkg.com/@babel/plugin-bugfix-safari-id-destructuring-collision-in-function-expression/-/plugin-bugfix-safari-id-destructuring-collision-in-function-expression-7.18.6.tgz#da5b8f9a580acdfbe53494dba45ea389fb09a4d2"
  integrity sha512-Dgxsyg54Fx1d4Nge8UnvTrED63vrwOdPmyvPzlNN/boaliRP54pm3pGzZD1SJUwrBA+Cs/xdG8kXX6Mn/RfISQ==
  dependencies:
    "@babel/helper-plugin-utils" "^7.18.6"

"@babel/plugin-bugfix-v8-spread-parameters-in-optional-chaining@^7.18.6":
  version "7.18.6"
  resolved "https://registry.yarnpkg.com/@babel/plugin-bugfix-v8-spread-parameters-in-optional-chaining/-/plugin-bugfix-v8-spread-parameters-in-optional-chaining-7.18.6.tgz#b4e4dbc2cd1acd0133479918f7c6412961c9adb8"
  integrity sha512-Udgu8ZRgrBrttVz6A0EVL0SJ1z+RLbIeqsu632SA1hf0awEppD6TvdznoH+orIF8wtFFAV/Enmw9Y+9oV8TQcw==
  dependencies:
    "@babel/helper-plugin-utils" "^7.18.6"
    "@babel/helper-skip-transparent-expression-wrappers" "^7.18.6"
    "@babel/plugin-proposal-optional-chaining" "^7.18.6"

"@babel/plugin-proposal-async-generator-functions@^7.18.6":
  version "7.18.6"
  resolved "https://registry.yarnpkg.com/@babel/plugin-proposal-async-generator-functions/-/plugin-proposal-async-generator-functions-7.18.6.tgz#aedac81e6fc12bb643374656dd5f2605bf743d17"
  integrity sha512-WAz4R9bvozx4qwf74M+sfqPMKfSqwM0phxPTR6iJIi8robgzXwkEgmeJG1gEKhm6sDqT/U9aV3lfcqybIpev8w==
  dependencies:
    "@babel/helper-environment-visitor" "^7.18.6"
    "@babel/helper-plugin-utils" "^7.18.6"
    "@babel/helper-remap-async-to-generator" "^7.18.6"
    "@babel/plugin-syntax-async-generators" "^7.8.4"

"@babel/plugin-proposal-class-properties@^7.16.0", "@babel/plugin-proposal-class-properties@^7.18.6":
  version "7.18.6"
  resolved "https://registry.yarnpkg.com/@babel/plugin-proposal-class-properties/-/plugin-proposal-class-properties-7.18.6.tgz#b110f59741895f7ec21a6fff696ec46265c446a3"
  integrity sha512-cumfXOF0+nzZrrN8Rf0t7M+tF6sZc7vhQwYQck9q1/5w2OExlD+b4v4RpMJFaV1Z7WcDRgO6FqvxqxGlwo+RHQ==
  dependencies:
    "@babel/helper-create-class-features-plugin" "^7.18.6"
    "@babel/helper-plugin-utils" "^7.18.6"

"@babel/plugin-proposal-class-static-block@^7.18.6":
  version "7.18.6"
  resolved "https://registry.yarnpkg.com/@babel/plugin-proposal-class-static-block/-/plugin-proposal-class-static-block-7.18.6.tgz#8aa81d403ab72d3962fc06c26e222dacfc9b9020"
  integrity sha512-+I3oIiNxrCpup3Gi8n5IGMwj0gOCAjcJUSQEcotNnCCPMEnixawOQ+KeJPlgfjzx+FKQ1QSyZOWe7wmoJp7vhw==
  dependencies:
    "@babel/helper-create-class-features-plugin" "^7.18.6"
    "@babel/helper-plugin-utils" "^7.18.6"
    "@babel/plugin-syntax-class-static-block" "^7.14.5"

"@babel/plugin-proposal-decorators@^7.16.4":
  version "7.18.6"
  resolved "https://registry.yarnpkg.com/@babel/plugin-proposal-decorators/-/plugin-proposal-decorators-7.18.6.tgz#68e9fd0f022b944f84a8824bb28bfaee724d2595"
  integrity sha512-gAdhsjaYmiZVxx5vTMiRfj31nB7LhwBJFMSLzeDxc7X4tKLixup0+k9ughn0RcpBrv9E3PBaXJW7jF5TCihAOg==
  dependencies:
    "@babel/helper-create-class-features-plugin" "^7.18.6"
    "@babel/helper-plugin-utils" "^7.18.6"
    "@babel/helper-replace-supers" "^7.18.6"
    "@babel/helper-split-export-declaration" "^7.18.6"
    "@babel/plugin-syntax-decorators" "^7.18.6"

"@babel/plugin-proposal-dynamic-import@^7.18.6":
  version "7.18.6"
  resolved "https://registry.yarnpkg.com/@babel/plugin-proposal-dynamic-import/-/plugin-proposal-dynamic-import-7.18